// !$*UTF8*$!
{
	archiveVersion = 1;
	classes = {
	};
	objectVersion = 46;
	objects = {

/* Begin PBXBuildFile section */
		DD7347391EE4567C00E681A7 /* AppDelegate.swift in Sources */ = {isa = PBXBuildFile; fileRef = DD7347381EE4567C00E681A7 /* AppDelegate.swift */; };
		DD73473B1EE4567C00E681A7 /* ViewController.swift in Sources */ = {isa = PBXBuildFile; fileRef = DD73473A1EE4567C00E681A7 /* ViewController.swift */; };
		DD73473E1EE4567C00E681A7 /* Main.storyboard in Resources */ = {isa = PBXBuildFile; fileRef = DD73473C1EE4567C00E681A7 /* Main.storyboard */; };
		DD7347401EE4567C00E681A7 /* Assets.xcassets in Resources */ = {isa = PBXBuildFile; fileRef = DD73473F1EE4567C00E681A7 /* Assets.xcassets */; };
		DD7347431EE4567C00E681A7 /* LaunchScreen.storyboard in Resources */ = {isa = PBXBuildFile; fileRef = DD7347411EE4567C00E681A7 /* LaunchScreen.storyboard */; };
/* End PBXBuildFile section */

/* Begin PBXFileReference section */
		DD7347351EE4567C00E681A7 /* Proportions.app */ = {isa = PBXFileReference; explicitFileType = wrapper.application; includeInIndex = 0; path = Proportions.app; sourceTree = BUILT_PRODUCTS_DIR; };
		DD7347381EE4567C00E681A7 /* AppDelegate.swift */ = {isa = PBXFileReference; lastKnownFileType = sourcecode.swift; path = AppDelegate.swift; sourceTree = "<group>"; };
		DD73473A1EE4567C00E681A7 /* ViewController.swift */ = {isa = PBXFileReference; lastKnownFileType = sourcecode.swift; path = ViewController.swift; sourceTree = "<group>"; };
		DD73473D1EE4567C00E681A7 /* Base */ = {isa = PBXFileReference; lastKnownFileType = file.storyboard; name = Base; path = Base.lproj/Main.storyboard; sourceTree = "<group>"; };
		DD73473F1EE4567C00E681A7 /* Assets.xcassets */ = {isa = PBXFileReference; lastKnownFileType = folder.assetcatalog; name = Assets.xcassets; path = Proportions/Assets.xcassets; sourceTree = "<group>"; };
		DD7347421EE4567C00E681A7 /* Base */ = {isa = PBXFileReference; lastKnownFileType = file.storyboard; name = Base; path = Base.lproj/LaunchScreen.storyboard; sourceTree = "<group>"; };
		DD7347441EE4567C00E681A7 /* Info.plist */ = {isa = PBXFileReference; lastKnownFileType = text.plist.xml; name = Info.plist; path = Proportions/Info.plist; sourceTree = "<group>"; };
/* End PBXFileReference section */

/* Begin PBXFrameworksBuildPhase section */
		DD7347321EE4567C00E681A7 /* Frameworks */ = {
			isa = PBXFrameworksBuildPhase;
			buildActionMask = 2147483647;
			files = (
			);
			runOnlyForDeploymentPostprocessing = 0;
		};
/* End PBXFrameworksBuildPhase section */

/* Begin PBXGroup section */
		DD73472C1EE4567C00E681A7 = {
			isa = PBXGroup;
			children = (
				DD73474A1EE456EA00E681A7 /* Supporing Files */,
				DD7347371EE4567C00E681A7 /* Proportions */,
				DD7347361EE4567C00E681A7 /* Products */,
			);
			sourceTree = "<group>";
		};
		DD7347361EE4567C00E681A7 /* Products */ = {
			isa = PBXGroup;
			children = (
				DD7347351EE4567C00E681A7 /* Proportions.app */,
			);
			name = Products;
			sourceTree = "<group>";
		};
		DD7347371EE4567C00E681A7 /* Proportions */ = {
			isa = PBXGroup;
			children = (
				DD7347381EE4567C00E681A7 /* AppDelegate.swift */,
				DD73473A1EE4567C00E681A7 /* ViewController.swift */,
				DD73473C1EE4567C00E681A7 /* Main.storyboard */,
			);
			path = Proportions;
			sourceTree = "<group>";
		};
		DD73474A1EE456EA00E681A7 /* Supporing Files */ = {
			isa = PBXGroup;
			children = (
				DD7347411EE4567C00E681A7 /* LaunchScreen.storyboard */,
				DD7347441EE4567C00E681A7 /* Info.plist */,
				DD73473F1EE4567C00E681A7 /* Assets.xcassets */,
			);
			name = "Supporing Files";
			sourceTree = "<group>";
		};
/* End PBXGroup section */

/* Begin PBXNativeTarget section */
		DD7347341EE4567C00E681A7 /* Proportions */ = {
			isa = PBXNativeTarget;
			buildConfigurationList = DD7347471EE4567C00E681A7 /* Build configuration list for PBXNativeTarget "Proportions" */;
			buildPhases = (
				DD7347311EE4567C00E681A7 /* Sources */,
				DD7347321EE4567C00E681A7 /* Frameworks */,
				DD7347331EE4567C00E681A7 /* Resources */,
			);
			buildRules = (
			);
			dependencies = (
			);
			name = Proportions;
			productName = Proportions;
			productReference = DD7347351EE4567C00E681A7 /* Proportions.app */;
			productType = "com.apple.product-type.application";
		};
/* End PBXNativeTarget section */

/* Begin PBXProject section */
		DD73472D1EE4567C00E681A7 /* Project object */ = {
			isa = PBXProject;
			attributes = {
				LastSwiftUpdateCheck = 0830;
				LastUpgradeCheck = 0830;
				ORGANIZATIONNAME = "Carlos Pereira";
				TargetAttributes = {
					DD7347341EE4567C00E681A7 = {
						CreatedOnToolsVersion = 8.3.2;
						DevelopmentTeam = 9H8N5VG4E8;
						ProvisioningStyle = Automatic;
					};
				};
			};
			buildConfigurationList = DD7347301EE4567C00E681A7 /* Build configuration list for PBXProject "Proportions" */;
			compatibilityVersion = "Xcode 3.2";
			developmentRegion = English;
			hasScannedForEncodings = 0;
			knownRegions = (
				en,
				Base,
			);
			mainGroup = DD73472C1EE4567C00E681A7;
			productRefGroup = DD7347361EE4567C00E681A7 /* Products */;
			projectDirPath = "";
			projectRoot = "";
			targets = (
				DD7347341EE4567C00E681A7 /* Proportions */,
			);
		};
/* End PBXProject section */

/* Begin PBXResourcesBuildPhase section */
		DD7347331EE4567C00E681A7 /* Resources */ = {
			isa = PBXResourcesBuildPhase;
			buildActionMask = 2147483647;
			files = (
				DD7347431EE4567C00E681A7 /* LaunchScreen.storyboard in Resources */,
				DD7347401EE4567C00E681A7 /* Assets.xcassets in Resources */,
				DD73473E1EE4567C00E681A7 /* Main.storyboard in Resources */,
			);
			runOnlyForDeploymentPostprocessing = 0;
		};
/* End PBXResourcesBuildPhase section */

/* Begin PBXSourcesBuildPhase section */
		DD7347311EE4567C00E681A7 /* Sources */ = {
			isa = PBXSourcesBuildPhase;
			buildActionMask = 2147483647;
			files = (
				DD73473B1EE4567C00E681A7 /* ViewController.swift in Sources */,
				DD7347391EE4567C00E681A7 /* AppDelegate.swift in Sources */,
			);
			runOnlyForDeploymentPostprocessing = 0;
		};
/* End PBXSourcesBuildPhase section */

/* Begin PBXVariantGroup section */
		DD73473C1EE4567C00E681A7 /* Main.storyboard */ = {
			isa = PBXVariantGroup;
			children = (
				DD73473D1EE4567C00E681A7 /* Base */,
			);
			name = Main.storyboard;
			sourceTree = "<group>";
		};
		DD7347411EE4567C00E681A7 /* LaunchScreen.storyboard */ = {
			isa = PBXVariantGroup;
			children = (
				DD7347421EE4567C00E681A7 /* Base */,
			);
			name = LaunchScreen.storyboard;
			path = Proportions;
			sourceTree = "<group>";
		};
/* End PBXVariantGroup section */

/* Begin XCBuildConfiguration section */
		DD7347451EE4567C00E681A7 /* Debug */ = {
			isa = XCBuildConfiguration;
			buildSettings = {
				ALWAYS_SEARCH_USER_PATHS = NO;
				CLANG_ANALYZER_NONNULL = YES;
				CLANG_ANALYZER_NUMBER_OBJECT_CONVERSION = YES_AGGRESSIVE;
				CLANG_CXX_LANGUAGE_STANDARD = "gnu++0x";
				CLANG_CXX_LIBRARY = "libc++";
				CLANG_ENABLE_MODULES = YES;
				CLANG_ENABLE_OBJC_ARC = YES;
				CLANG_WARN_BOOL_CONVERSION = YES;
				CLANG_WARN_CONSTANT_CONVERSION = YES;
				CLANG_WARN_DIRECT_OBJC_ISA_USAGE = YES_ERROR;
				CLANG_WARN_DOCUMENTATION_COMMENTS = YES;
				CLANG_WARN_EMPTY_BODY = YES;
				CLANG_WARN_ENUM_CONVERSION = YES;
				CLANG_WARN_INFINITE_RECURSION = YES;
				CLANG_WARN_INT_CONVERSION = YES;
				CLANG_WARN_OBJC_ROOT_CLASS = YES_ERROR;
				CLANG_WARN_SUSPICIOUS_MOVE = YES;
				CLANG_WARN_UNREACHABLE_CODE = YES;
				CLANG_WARN__DUPLICATE_METHOD_MATCH = YES;
				"CODE_SIGN_IDENTITY[sdk=iphoneos*]" = "iPhone Developer";
				COPY_PHASE_STRIP = NO;
				DEBUG_INFORMATION_FORMAT = dwarf;
				ENABLE_STRICT_OBJC_MSGSEND = YES;
				ENABLE_TESTABILITY = YES;
				GCC_C_LANGUAGE_STANDARD = gnu99;
				GCC_DYNAMIC_NO_PIC = NO;
				GCC_NO_COMMON_BLOCKS = YES;
				GCC_OPTIMIZATION_LEVEL = 0;
				GCC_PREPROCESSOR_DEFINITIONS = (
					"DEBUG=1",
					"$(inherited)",
				);
				GCC_WARN_64_TO_32_BIT_CONVERSION = YES;
				GCC_WARN_ABOUT_RETURN_TYPE = YES_ERROR;
				GCC_WARN_UNDECLARED_SELECTOR = YES;
				GCC_WARN_UNINITIALIZED_AUTOS = YES_AGGRESSIVE;
				GCC_WARN_UNUSED_FUNCTION = YES;
				GCC_WARN_UNUSED_VARIABLE = YES;
				IPHONEOS_DEPLOYMENT_TARGET = 10.3;
				MTL_ENABLE_DEBUG_INFO = YES;
				ONLY_ACTIVE_ARCH = YES;
				SDKROOT = iphoneos;
				SWIFT_ACTIVE_COMPILATION_CONDITIONS = DEBUG;
				SWIFT_OPTIMIZATION_LEVEL = "-Onone";
				TARGETED_DEVICE_FAMILY = "1,2";
			};
			name = Debug;
		};
		DD7347461EE4567C00E681A7 /* Release */ = {
			isa = XCBuildConfiguration;
			buildSettings = {
				ALWAYS_SEARCH_USER_PATHS = NO;
				CLANG_ANALYZER_NONNULL = YES;
				CLANG_ANALYZER_NUMBER_OBJECT_CONVERSION = YES_AGGRESSIVE;
				CLANG_CXX_LANGUAGE_STANDARD = "gnu++0x";
				CLANG_CXX_LIBRARY = "libc++";
				CLANG_ENABLE_MODULES = YES;
				CLANG_ENABLE_OBJC_ARC = YES;
				CLANG_WARN_BOOL_CONVERSION = YES;
				CLANG_WARN_CONSTANT_CONVERSION = YES;
				CLANG_WARN_DIRECT_OBJC_ISA_USAGE = YES_ERROR;
				CLANG_WARN_DOCUMENTATION_COMMENTS = YES;
				CLANG_WARN_EMPTY_BODY = YES;
				CLANG_WARN_ENUM_CONVERSION = YES;
				CLANG_WARN_INFINITE_RECURSION = YES;
				CLANG_WARN_INT_CONVERSION = YES;
				CLANG_WARN_OBJC_ROOT_CLASS = YES_ERROR;
				CLANG_WARN_SUSPICIOUS_MOVE = YES;
				CLANG_WARN_UNREACHABLE_CODE = YES;
				CLANG_WARN__DUPLICATE_METHOD_MATCH = YES;
				"CODE_SIGN_IDENTITY[sdk=iphoneos*]" = "iPhone Developer";
				COPY_PHASE_STRIP = NO;
				DEBUG_INFORMATION_FORMAT = "dwarf-with-dsym";
				ENABLE_NS_ASSERTIONS = NO;
				ENABLE_STRICT_OBJC_MSGSEND = YES;
				GCC_C_LANGUAGE_STANDARD = gnu99;
				GCC_NO_COMMON_BLOCKS = YES;
				GCC_WARN_64_TO_32_BIT_CONVERSION = YES;
				GCC_WARN_ABOUT_RETURN_TYPE = YES_ERROR;
				GCC_WARN_UNDECLARED_SELECTOR = YES;
				GCC_WARN_UNINITIALIZED_AUTOS = YES_AGGRESSIVE;
				GCC_WARN_UNUSED_FUNCTION = YES;
				GCC_WARN_UNUSED_VARIABLE = YES;
				IPHONEOS_DEPLOYMENT_TARGET = 10.3;
				MTL_ENABLE_DEBUG_INFO = NO;
				SDKROOT = iphoneos;
				SWIFT_OPTIMIZATION_LEVEL = "-Owholemodule";
				TARGETED_DEVICE_FAMILY = "1,2";
				VALIDATE_PRODUCT = YES;
			};
			name = Release;
		};
		DD7347481EE4567C00E681A7 /* Debug */ = {
			isa = XCBuildConfiguration;
			buildSettings = {
				ASSETCATALOG_COMPILER_APPICON_NAME = AppIcon;
				DEVELOPMENT_TEAM = 9H8N5VG4E8;
				INFOPLIST_FILE = Proportions/Info.plist;
				LD_RUNPATH_SEARCH_PATHS = "$(inherited) @executable_path/Frameworks";
				PRODUCT_BUNDLE_IDENTIFIER = CarlosPereira.Proportions;
				PRODUCT_NAME = "$(TARGET_NAME)";
				SWIFT_VERSION = 3.0;
			};
			name = Debug;
		};
		DD7347491EE4567C00E681A7 /* Release */ = {
			isa = XCBuildConfiguration;
			buildSettings = {
				ASSETCATALOG_COMPILER_APPICON_NAME = AppIcon;
				DEVELOPMENT_TEAM = 9H8N5VG4E8;
				INFOPLIST_FILE = Proportions/Info.plist;
				LD_RUNPATH_SEARCH_PATHS = "$(inherited) @executable_path/Frameworks";
				PRODUCT_BUNDLE_IDENTIFIER = CarlosPereira.Proportions;
				PRODUCT_NAME = "$(TARGET_NAME)";
				SWIFT_VERSION = 3.0;
			};
			name = Release;
		};
/* End XCBuildConfiguration section */

/* Begin XCConfigurationList section */
		DD7347301EE4567C00E681A7 /* Build configuration list for PBXProject "Proportions" */ = {
			isa = XCConfigurationList;
			buildConfigurations = (
				DD7347451EE4567C00E681A7 /* Debug */,
				DD7347461EE4567C00E681A7 /* Release */,
			);
			defaultConfigurationIsVisible = 0;
			defaultConfigurationName = Release;
		};
		DD7347471EE4567C00E681A7 /* Build configuration list for PBXNativeTarget "Proportions" */ = {
			isa = XCConfigurationList;
			buildConfigurations = (
				DD7347481EE4567C00E681A7 /* Debug */,
				DD7347491EE4567C00E681A7 /* Release */,
			);
			defaultConfigurationIsVisible = 0;
		};
/* End XCConfigurationList section */
	};
	rootObject = DD73472D1EE4567C00E681A7 /* Project object */;
}
